lockfileVersion: '6.0'

settings:
  autoInstallPeers: true
  excludeLinksFromLockfile: false

dependencies:
  '@loglib/tracker':
    specifier: ^0.8.0
    version: 0.8.0(react@18.2.0)
  '@tailwindcss/postcss':
    specifier: 4.0.0-alpha.13
    version: 4.0.0-alpha.13(postcss@8.4.35)
  '@types/node':
    specifier: 20.11.17
    version: 20.11.17
  '@types/react':
    specifier: 18.2.55
    version: 18.2.55
  '@types/react-dom':
    specifier: 18.2.19
    version: 18.2.19
  geist:
    specifier: 1.2.2
    version: 1.2.2(next@14.2.0-canary.62)
  next:
    specifier: canary
    version: 14.2.0-canary.62(react-dom@18.2.0)(react@18.2.0)
  next-themes:
    specifier: ^0.3.0
    version: 0.3.0(react-dom@18.2.0)(react@18.2.0)
  postcss:
    specifier: ^8.4.35
    version: 8.4.35
  react:
    specifier: 18.2.0
    version: 18.2.0
  react-dom:
    specifier: 18.2.0
    version: 18.2.0(react@18.2.0)
  tailwindcss:
    specifier: 4.0.0-alpha.13
    version: 4.0.0-alpha.13
  typescript:
    specifier: 5.3.3
    version: 5.3.3

packages:

  /@loglib/tracker@0.8.0(react@18.2.0):
    resolution: {integrity: sha512-WShEN7s4fcmWaWgBNmx4sDNaoLPudvfmopHxeJpWTAb4SEpypRsk4Kx143UQQEvFHE+jPQi/P3m8ennpVqFWAg==}
    peerDependencies:
      react: ^16.8||^17||^18
    dependencies:
      react: 18.2.0
      web-vitals: 3.5.2
    dev: false

  /@next/env@14.2.0-canary.62:
    resolution: {integrity: sha512-K5lmKK/TalagQELw3W0hKDXmNGGXY3Zxw3yH27y9DOT7evhiJvK2Ywq5uN4lEjYHkeW+QbyC/OjUIcK3RUSHbQ==}
    dev: false

  /@next/swc-darwin-arm64@14.2.0-canary.62:
    resolution: {integrity: sha512-Cm53nqD/u7I1wo4xeULBZ6YjThK7Mk+ThaoYJu69varPPHsahpzbf/rM3ZkW3UB5Cgl5I7N3mNIb+Z9U/JZemw==}
    engines: {node: '>= 10'}
    cpu: [arm64]
    os: [darwin]
    requiresBuild: true
    dev: false
    optional: true

  /@next/swc-darwin-x64@14.2.0-canary.62:
    resolution: {integrity: sha512-2cSC0EOiJHe9kQad5TR/tXJuIc85JLBUeRl4x20jdsa0oIuOdsvksPA9TAROWLebuIkysPAsfmrbCwlKZk5yDw==}
    engines: {node: '>= 10'}
    cpu: [x64]
    os: [darwin]
    requiresBuild: true
    dev: false
    optional: true

  /@next/swc-linux-arm64-gnu@14.2.0-canary.62:
    resolution: {integrity: sha512-Iow3tpn05nK2hW1nBzk1rCEVgbwakvlPViFZMxYg4FxEEoIcxcsxTMnG7sjJGmgrzCW7vfCVc+AM3Gy6bZXxqg==}
    engines: {node: '>= 10'}
    cpu: [arm64]
    os: [linux]
    requiresBuild: true
    dev: false
    optional: true

  /@next/swc-linux-arm64-musl@14.2.0-canary.62:
    resolution: {integrity: sha512-dTugxbWEi95dNFn59C7RYuNTJ2jOVbDgD9lJmFtAJO46XPtN8IySJSe/5zB9YECA1apK2xWf5XaSbpuh5vWT8Q==}
    engines: {node: '>= 10'}
    cpu: [arm64]
    os: [linux]
    requiresBuild: true
    dev: false
    optional: true

  /@next/swc-linux-x64-gnu@14.2.0-canary.62:
    resolution: {integrity: sha512-yGKHq4PfPgQO+IVWVOxbdv5pdIib/jwr62NsPKbY+t16gDB6RNTPhOcuhkQTvDBYlh+VF3vmhenlM5Ci0W5QQQ==}
    engines: {node: '>= 10'}
    cpu: [x64]
    os: [linux]
    requiresBuild: true
    dev: false
    optional: true

  /@next/swc-linux-x64-musl@14.2.0-canary.62:
    resolution: {integrity: sha512-Nw/l0Z4jzAL5VP1Z2mjNAMF7n+9aOTZgFJCtJ6C0aBf5rvZY3BrVDXblK57v6q1bWqU6FRGYmDava3h4B2i0hQ==}
    engines: {node: '>= 10'}
    cpu: [x64]
    os: [linux]
    requiresBuild: true
    dev: false
    optional: true

  /@next/swc-win32-arm64-msvc@14.2.0-canary.62:
    resolution: {integrity: sha512-FgS+pzblgiGe1iA2zvIxH5FTz/NVkXknhVgE3g0A5pIQeIfHn5hbki501fCBKvYujhsP094pSGePI9Hi35KFYA==}
    engines: {node: '>= 10'}
    cpu: [arm64]
    os: [win32]
    requiresBuild: true
    dev: false
    optional: true

  /@next/swc-win32-ia32-msvc@14.2.0-canary.62:
    resolution: {integrity: sha512-1cns8tyYICpspnhVC6FoRmd2Nal7uSXLPW4l1jX0+ofpifcmRy6Lra127/kdl8l+00W6ERQ/QAhx8uiYrw3VGQ==}
    engines: {node: '>= 10'}
    cpu: [ia32]
    os: [win32]
    requiresBuild: true
    dev: false
    optional: true

  /@next/swc-win32-x64-msvc@14.2.0-canary.62:
    resolution: {integrity: sha512-67gfnbOVzVrg4lsRhE9qHQegpPl/ljHMNFw4JyIOlLmCG7daHe6wgKmXGAyYBSZ6F6P9HiQWHcqU/qTHtw2lFw==}
    engines: {node: '>= 10'}
    cpu: [x64]
    os: [win32]
    requiresBuild: true
    dev: false
    optional: true

  /@swc/counter@0.1.3:
    resolution: {integrity: sha512-e2BR4lsJkkRlKZ/qCHPw9ZaSxc0MVUd7gtbtaB7aMvHeJVYe8sOB8DBZkP2DtISHGSku9sCK6T6cnY0CtXrOCQ==}
    dev: false

  /@swc/helpers@0.5.5:
    resolution: {integrity: sha512-KGYxvIOXcceOAbEk4bi/dVLEK9z8sZ0uBB3Il5b1rhfClSpcX0yfRO0KmTkqR2cnQDymwLB+25ZyMzICg/cm/A==}
    dependencies:
      '@swc/counter': 0.1.3
      tslib: 2.6.2
    dev: false

  /@tailwindcss/oxide-android-arm64@4.0.0-alpha.13:
    resolution: {integrity: sha512-LzsWIHyexltM5prLn/7B8jH2y3EU1j/GZ1JcFdw2ZqBWRmco8jvnQnjH/oUwZrP3aJbGfAL3aRISeu/rcWwUSA==}
    engines: {node: '>= 10'}
    cpu: [arm64]
    os: [android]
    requiresBuild: true
    dev: false
    optional: true

  /@tailwindcss/oxide-darwin-arm64@4.0.0-alpha.13:
    resolution: {integrity: sha512-N/J/Yr9Fgjee7Ep7iO9oui6RtCDUndbXauXgHxWUZ4NXrFrIMKN+LdUIJm4B5vG0UZKgmglyjtQpR8D7DkaXRw==}
    engines: {node: '>= 10'}
    cpu: [arm64]
    os: [darwin]
    requiresBuild: true
    dev: false
    optional: true

  /@tailwindcss/oxide-darwin-x64@4.0.0-alpha.13:
    resolution: {integrity: sha512-/DmZbESO1Q3fVfi3cx3aYyt0TyvFQb1wTU+lG08BOnuUvY8g5bHsCVsN9jxt1yqItVQ2PJIbOhZT+BrZ066iBg==}
    engines: {node: '>= 10'}
    cpu: [x64]
    os: [darwin]
    requiresBuild: true
    dev: false
    optional: true

  /@tailwindcss/oxide-freebsd-x64@4.0.0-alpha.13:
    resolution: {integrity: sha512-WF/Odsw7qo3CpPoffgzAa1CG2glfrWY0nzp1eayGxVDA5Z/EuEjIPFns1iXhOmFvaDkDZJcyoDdL+zpQwZkNZQ==}
    engines: {node: '>= 10'}
    cpu: [x64]
    os: [freebsd]
    requiresBuild: true
    dev: false
    optional: true

  /@tailwindcss/oxide-linux-arm-gnueabihf@4.0.0-alpha.13:
    resolution: {integrity: sha512-7va/gSuoQD4PJn0IDisPMVuYJ/zhZUvaPODVuolpk0EQaJqa31EaDFCLgTR1F1beCZXUlaZi5poMe9tAjwUkow==}
    engines: {node: '>= 10'}
    cpu: [arm]
    os: [linux]
    requiresBuild: true
    dev: false
    optional: true

  /@tailwindcss/oxide-linux-arm64-gnu@4.0.0-alpha.13:
    resolution: {integrity: sha512-+crN+9ITYtxq4TVxM2FHwLxnOvngG1yfyLrFtlSNY4OEpvAZjSEaW7oZAh9nUCREQTli+/0bi/fhzohQ3CUpBw==}
    engines: {node: '>= 10'}
    cpu: [arm64]
    os: [linux]
    requiresBuild: true
    dev: false
    optional: true

  /@tailwindcss/oxide-linux-arm64-musl@4.0.0-alpha.13:
    resolution: {integrity: sha512-m47iIQ629DUEwd5bWaglpfLljQPp9ewEB+pn7fMhPTKCo8KS2xMfO20SvcpE3Ad+8zNEjGFgEuG2c2mfquMv1g==}
    engines: {node: '>= 10'}
    cpu: [arm64]
    os: [linux]
    requiresBuild: true
    dev: false
    optional: true

  /@tailwindcss/oxide-linux-x64-gnu@4.0.0-alpha.13:
    resolution: {integrity: sha512-dzgkcu2Cm/aNzdIQH5OFKDR5XtNe7REnEQOTrejWT+07oiprhzrRnJEqKN2XcUEUlFjX8L6rUH60EE4+2Ef/+w==}
    engines: {node: '>= 10'}
    cpu: [x64]
    os: [linux]
    requiresBuild: true
    dev: false
    optional: true

  /@tailwindcss/oxide-linux-x64-musl@4.0.0-alpha.13:
    resolution: {integrity: sha512-iv2Gw/zWE6y6ejl695xbeuWG3wn3kJPDhvOlPwSPg+XVzev1WT9wE0cXDFmZl4r2kuDtg2VwEU8aVL9uyekWeA==}
    engines: {node: '>= 10'}
    cpu: [x64]
    os: [linux]
    requiresBuild: true
    dev: false
    optional: true

  /@tailwindcss/oxide-win32-x64-msvc@4.0.0-alpha.13:
    resolution: {integrity: sha512-WNWVyueMTlDiMz33eiPeE2goD11dY6UyvAukt/GsQ9842WcvJ3Can0LAbtJBz+NV/HLaeFzd1ELJ4N9edgwQNw==}
    engines: {node: '>= 10'}
    cpu: [x64]
    os: [win32]
    requiresBuild: true
    dev: false
    optional: true

  /@tailwindcss/oxide@4.0.0-alpha.13:
    resolution: {integrity: sha512-ocRljLw7s5nPHZ22pYfnw0xoNo3Dk8SlAA4Z2k5e4pBubGS92CtzgkSw8U4DhsGKty6IvmjbXKyMOGC/BB52Ug==}
    engines: {node: '>= 10'}
    optionalDependencies:
      '@tailwindcss/oxide-android-arm64': 4.0.0-alpha.13
      '@tailwindcss/oxide-darwin-arm64': 4.0.0-alpha.13
      '@tailwindcss/oxide-darwin-x64': 4.0.0-alpha.13
      '@tailwindcss/oxide-freebsd-x64': 4.0.0-alpha.13
      '@tailwindcss/oxide-linux-arm-gnueabihf': 4.0.0-alpha.13
      '@tailwindcss/oxide-linux-arm64-gnu': 4.0.0-alpha.13
      '@tailwindcss/oxide-linux-arm64-musl': 4.0.0-alpha.13
      '@tailwindcss/oxide-linux-x64-gnu': 4.0.0-alpha.13
      '@tailwindcss/oxide-linux-x64-musl': 4.0.0-alpha.13
      '@tailwindcss/oxide-win32-x64-msvc': 4.0.0-alpha.13
    dev: false

  /@tailwindcss/postcss@4.0.0-alpha.13(postcss@8.4.35):
    resolution: {integrity: sha512-b2ip3zkCGM+TvoZxDciwTffmq6XDxKqg2+N6/s9pOKDLVKjfQUwHgMkuPwAz8etncrhTm/T045E4Wx7FvmiIdw==}
    dependencies:
      '@tailwindcss/oxide': 4.0.0-alpha.13
      lightningcss: 1.24.1
      postcss-import: 16.1.0(postcss@8.4.35)
      tailwindcss: 4.0.0-alpha.13
    transitivePeerDependencies:
      - postcss
    dev: false

  /@types/node@20.11.17:
    resolution: {integrity: sha512-QmgQZGWu1Yw9TDyAP9ZzpFJKynYNeOvwMJmaxABfieQoVoiVOS6MN1WSpqpRcbeA5+RW82kraAVxCCJg+780Qw==}
    dependencies:
      undici-types: 5.26.5
    dev: false

  /@types/prop-types@15.7.11:
    resolution: {integrity: sha512-ga8y9v9uyeiLdpKddhxYQkxNDrfvuPrlFb0N1qnZZByvcElJaXthF1UhvCh9TLWJBEHeNtdnbysW7Y6Uq8CVng==}
    dev: false

  /@types/react-dom@18.2.19:
    resolution: {integrity: sha512-aZvQL6uUbIJpjZk4U8JZGbau9KDeAwMfmhyWorxgBkqDIEf6ROjRozcmPIicqsUwPUjbkDfHKgGee1Lq65APcA==}
    dependencies:
      '@types/react': 18.2.55
    dev: false

  /@types/react@18.2.55:
    resolution: {integrity: sha512-Y2Tz5P4yz23brwm2d7jNon39qoAtMMmalOQv6+fEFt1mT+FcM3D841wDpoUvFXhaYenuROCy3FZYqdTjM7qVyA==}
    dependencies:
      '@types/prop-types': 15.7.11
      '@types/scheduler': 0.16.8
      csstype: 3.1.3
    dev: false

  /@types/scheduler@0.16.8:
    resolution: {integrity: sha512-WZLiwShhwLRmeV6zH+GkbOFT6Z6VklCItrDioxUnv+u4Ll+8vKeFySoFyK/0ctcRpOmwAicELfmys1sDc/Rw+A==}
    dev: false

  /busboy@1.6.0:
    resolution: {integrity: sha512-8SFQbg/0hQ9xy3UNTB0YEnsNBbWfhf7RtnzpL7TkBiTBRfrQ9Fxcnz7VJsleJpyp6rVLvXiuORqjlHi5q+PYuA==}
    engines: {node: '>=10.16.0'}
    dependencies:
      streamsearch: 1.1.0
    dev: false

  /caniuse-lite@1.0.30001585:
    resolution: {integrity: sha512-yr2BWR1yLXQ8fMpdS/4ZZXpseBgE7o4g41x3a6AJOqZuOi+iE/WdJYAuZ6Y95i4Ohd2Y+9MzIWRR+uGABH4s3Q==}
    dev: false

  /client-only@0.0.1:
    resolution: {integrity: sha512-IV3Ou0jSMzZrd3pZ48nLkT9DA7Ag1pnPzaiQhpW7c3RbcqqzvzzVu+L8gfqMp/8IM2MQtSiqaCxrrcfu8I8rMA==}
    dev: false

  /csstype@3.1.3:
    resolution: {integrity: sha512-M1uQkMl8rQK/szD0LNhtqxIPLpimGm8sOBwU7lLnCpSbTyY3yeU1Vc7l4KT5zT4s/yOxHH5O7tIuuLOCnLADRw==}
    dev: false

  /detect-libc@1.0.3:
    resolution: {integrity: sha512-pGjwhsmsp4kL2RTz08wcOlGN83otlqHeD/Z5T8GXZB+/YcpQ/dgo+lbU8ZsGxV0HIvqqxo9l7mqYwyYMD9bKDg==}
    engines: {node: '>=0.10'}
    hasBin: true
    dev: false

  /function-bind@1.1.2:
    resolution: {integrity: sha512-7XHNxH7qX9xG5mIwxkhumTox/MIRNcOgDrxWsMt2pAr23WHp6MrRlN7FBSFpCpr+oVO0F744iUgR82nJMfG2SA==}
    dev: false

  /geist@1.2.2(next@14.2.0-canary.62):
    resolution: {integrity: sha512-uRDrxhvdnPwWJmh+K5+/5LXSKwvJzaYCl9tDXgiBi4hj7hB4K7+n/WLcvJMFs5btvyn0r9OSwCd1s6CmqAsxEw==}
    peerDependencies:
      next: '>=13.2.0 <15'
    dependencies:
      next: 14.2.0-canary.62(react-dom@18.2.0)(react@18.2.0)
    dev: false

  /graceful-fs@4.2.11:
    resolution: {integrity: sha512-RbJ5/jmFcNNCcDV5o9eTnBLJ/HszWV0P73bc+Ff4nS/rJj+YaS6IGyiOL0VoBYX+l1Wrl3k63h/KrH+nhJ0XvQ==}
    dev: false

  /hasown@2.0.1:
    resolution: {integrity: sha512-1/th4MHjnwncwXsIW6QMzlvYL9kG5e/CpVvLRZe4XPa8TOUNbCELqmvhDmnkNsAjwaG4+I8gJJL0JBvTTLO9qA==}
    engines: {node: '>= 0.4'}
    dependencies:
      function-bind: 1.1.2
    dev: false

  /is-core-module@2.13.1:
    resolution: {integrity: sha512-hHrIjvZsftOsvKSn2TRYl63zvxsgE0K+0mYMoH6gD4omR5IWB2KynivBQczo3+wF1cCkjzvptnI9Q0sPU66ilw==}
    dependencies:
      hasown: 2.0.1
    dev: false

  /js-tokens@4.0.0:
    resolution: {integrity: sha512-RdJUflcE3cUzKiMqQgsCu06FPu9UdIJO0beYbPhHN4k6apgJtifcoCtT9bcxOpYBtpD2kCM6Sbzg4CausW/PKQ==}
    dev: false

  /lightningcss-darwin-arm64@1.24.1:
    resolution: {integrity: sha512-1jQ12jBy+AE/73uGQWGSafK5GoWgmSiIQOGhSEXiFJSZxzV+OXIx+a9h2EYHxdJfX864M+2TAxWPWb0Vv+8y4w==}
    engines: {node: '>= 12.0.0'}
    cpu: [arm64]
    os: [darwin]
    requiresBuild: true
    dev: false
    optional: true

  /lightningcss-darwin-x64@1.24.1:
    resolution: {integrity: sha512-R4R1d7VVdq2mG4igMU+Di8GPf0b64ZLnYVkubYnGG0Qxq1KaXQtAzcLI43EkpnoWvB/kUg8JKCWH4S13NfiLcQ==}
    engines: {node: '>= 12.0.0'}
    cpu: [x64]
    os: [darwin]
    requiresBuild: true
    dev: false
    optional: true

  /lightningcss-freebsd-x64@1.24.1:
    resolution: {integrity: sha512-z6NberUUw5ALES6Ixn2shmjRRrM1cmEn1ZQPiM5IrZ6xHHL5a1lPin9pRv+w6eWfcrEo+qGG6R9XfJrpuY3e4g==}
    engines: {node: '>= 12.0.0'}
    cpu: [x64]
    os: [freebsd]
    requiresBuild: true
    dev: false
    optional: true

  /lightningcss-linux-arm-gnueabihf@1.24.1:
    resolution: {integrity: sha512-NLQLnBQW/0sSg74qLNI8F8QKQXkNg4/ukSTa+XhtkO7v3BnK19TS1MfCbDHt+TTdSgNEBv0tubRuapcKho2EWw==}
    engines: {node: '>= 12.0.0'}
    cpu: [arm]
    os: [linux]
    requiresBuild: true
    dev: false
    optional: true

  /lightningcss-linux-arm64-gnu@1.24.1:
    resolution: {integrity: sha512-AQxWU8c9E9JAjAi4Qw9CvX2tDIPjgzCTrZCSXKELfs4mCwzxRkHh2RCxX8sFK19RyJoJAjA/Kw8+LMNRHS5qEg==}
    engines: {node: '>= 12.0.0'}
    cpu: [arm64]
    os: [linux]
    requiresBuild: true
    dev: false
    optional: true

  /lightningcss-linux-arm64-musl@1.24.1:
    resolution: {integrity: sha512-JCgH/SrNrhqsguUA0uJUM1PvN5+dVuzPIlXcoWDHSv2OU/BWlj2dUYr3XNzEw748SmNZPfl2NjQrAdzaPOn1lA==}
    engines: {node: '>= 12.0.0'}
    cpu: [arm64]
    os: [linux]
    requiresBuild: true
    dev: false
    optional: true

  /lightningcss-linux-x64-gnu@1.24.1:
    resolution: {integrity: sha512-TYdEsC63bHV0h47aNRGN3RiK7aIeco3/keN4NkoSQ5T8xk09KHuBdySltWAvKLgT8JvR+ayzq8ZHnL1wKWY0rw==}
    engines: {node: '>= 12.0.0'}
    cpu: [x64]
    os: [linux]
    requiresBuild: true
    dev: false
    optional: true

  /lightningcss-linux-x64-musl@1.24.1:
    resolution: {integrity: sha512-HLfzVik3RToot6pQ2Rgc3JhfZkGi01hFetHt40HrUMoeKitLoqUUT5owM6yTZPTytTUW9ukLBJ1pc3XNMSvlLw==}
    engines: {node: '>= 12.0.0'}
    cpu: [x64]
    os: [linux]
    requiresBuild: true
    dev: false
    optional: true

  /lightningcss-win32-x64-msvc@1.24.1:
    resolution: {integrity: sha512-joEupPjYJ7PjZtDsS5lzALtlAudAbgIBMGJPNeFe5HfdmJXFd13ECmEM+5rXNxYVMRHua2w8132R6ab5Z6K9Ow==}
    engines: {node: '>= 12.0.0'}
    cpu: [x64]
    os: [win32]
    requiresBuild: true
    dev: false
    optional: true

  /lightningcss@1.24.1:
    resolution: {integrity: sha512-kUpHOLiH5GB0ERSv4pxqlL0RYKnOXtgGtVe7shDGfhS0AZ4D1ouKFYAcLcZhql8aMspDNzaUCumGHZ78tb2fTg==}
    engines: {node: '>= 12.0.0'}
    dependencies:
      detect-libc: 1.0.3
    optionalDependencies:
      lightningcss-darwin-arm64: 1.24.1
      lightningcss-darwin-x64: 1.24.1
      lightningcss-freebsd-x64: 1.24.1
      lightningcss-linux-arm-gnueabihf: 1.24.1
      lightningcss-linux-arm64-gnu: 1.24.1
      lightningcss-linux-arm64-musl: 1.24.1
      lightningcss-linux-x64-gnu: 1.24.1
      lightningcss-linux-x64-musl: 1.24.1
      lightningcss-win32-x64-msvc: 1.24.1
    dev: false

  /loose-envify@1.4.0:
    resolution: {integrity: sha512-lyuxPGr/Wfhrlem2CL/UcnUc1zcqKAImBDzukY7Y5F/yQiNdko6+fRLevlw1HgMySw7f611UIY408EtxRSoK3Q==}
    hasBin: true
    dependencies:
      js-tokens: 4.0.0
    dev: false

  /nanoid@3.3.7:
    resolution: {integrity: sha512-eSRppjcPIatRIMC1U6UngP8XFcz8MQWGQdt1MTBQ7NaAmvXDfvNxbvWV3x2y6CdEUciCSsDHDQZbhYaB8QEo2g==}
    engines: {node: ^10 || ^12 || ^13.7 || ^14 || >=15.0.1}
    hasBin: true
    dev: false

  /next-themes@0.3.0(react-dom@18.2.0)(react@18.2.0):
    resolution: {integrity: sha512-/QHIrsYpd6Kfk7xakK4svpDI5mmXP0gfvCoJdGpZQ2TOrQZmsW0QxjaiLn8wbIKjtm4BTSqLoix4lxYYOnLJ/w==}
    peerDependencies:
      react: ^16.8 || ^17 || ^18
      react-dom: ^16.8 || ^17 || ^18
    dependencies:
      react: 18.2.0
      react-dom: 18.2.0(react@18.2.0)
    dev: false

  /next@14.2.0-canary.62(react-dom@18.2.0)(react@18.2.0):
    resolution: {integrity: sha512-SsS+fpJ/anrtLgeCC76V9WOlreZanUYsuKsRMx+FDwOJ3ZnbZkohu3+RRLIQM1vtWcp707iV11+OlF/qgOldCA==}
    engines: {node: '>=18.17.0'}
    hasBin: true
    peerDependencies:
      '@opentelemetry/api': ^1.1.0
      '@playwright/test': ^1.41.2
      react: ^18.2.0
      react-dom: ^18.2.0
      sass: ^1.3.0
    peerDependenciesMeta:
      '@opentelemetry/api':
        optional: true
      '@playwright/test':
        optional: true
      sass:
        optional: true
    dependencies:
      '@next/env': 14.2.0-canary.62
      '@swc/helpers': 0.5.5
      busboy: 1.6.0
      caniuse-lite: 1.0.30001585
      graceful-fs: 4.2.11
      postcss: 8.4.31
      react: 18.2.0
      react-dom: 18.2.0(react@18.2.0)
      styled-jsx: 5.1.1(react@18.2.0)
    optionalDependencies:
      '@next/swc-darwin-arm64': 14.2.0-canary.62
      '@next/swc-darwin-x64': 14.2.0-canary.62
      '@next/swc-linux-arm64-gnu': 14.2.0-canary.62
      '@next/swc-linux-arm64-musl': 14.2.0-canary.62
      '@next/swc-linux-x64-gnu': 14.2.0-canary.62
      '@next/swc-linux-x64-musl': 14.2.0-canary.62
      '@next/swc-win32-arm64-msvc': 14.2.0-canary.62
      '@next/swc-win32-ia32-msvc': 14.2.0-canary.62
      '@next/swc-win32-x64-msvc': 14.2.0-canary.62
    transitivePeerDependencies:
      - '@babel/core'
      - babel-plugin-macros
    dev: false

  /path-parse@1.0.7:
    resolution: {integrity: sha512-LDJzPVEEEPR+y48z93A0Ed0yXb8pAByGWo/k5YYdYgpY2/2EsOsksJrq7lOHxryrVOn1ejG6oAp8ahvOIQD8sw==}
    dev: false

  /picocolors@1.0.0:
    resolution: {integrity: sha512-1fygroTLlHu66zi26VoTDv8yRgm0Fccecssto+MhsZ0D/DGW2sm8E8AjW7NU5VVTRt5GxbeZ5qBuJr+HyLYkjQ==}
    dev: false

  /pify@2.3.0:
    resolution: {integrity: sha512-udgsAY+fTnvv7kI7aaxbqwWNb0AHiB0qBO89PZKPkoTmGOgdbrHDKD+0B2X4uTfJ/FT1R09r9gTsjUjNJotuog==}
    engines: {node: '>=0.10.0'}
    dev: false

  /postcss-import@16.1.0(postcss@8.4.35):
    resolution: {integrity: sha512-7hsAZ4xGXl4MW+OKEWCnF6T5jqBw80/EE9aXg1r2yyn1RsVEU8EtKXbijEODa+rg7iih4bKf7vlvTGYR4CnPNg==}
    engines: {node: '>=18.0.0'}
    peerDependencies:
      postcss: ^8.0.0
    dependencies:
      postcss: 8.4.35
      postcss-value-parser: 4.2.0
      read-cache: 1.0.0
      resolve: 1.22.8
    dev: false

  /postcss-value-parser@4.2.0:
    resolution: {integrity: sha512-1NNCs6uurfkVbeXG4S8JFT9t19m45ICnif8zWLd5oPSZ50QnwMfK+H3jv408d4jw/7Bttv5axS5IiHoLaVNHeQ==}
    dev: false

  /postcss@8.4.31:
    resolution: {integrity: sha512-PS08Iboia9mts/2ygV3eLpY5ghnUcfLV/EXTOW1E2qYxJKGGBUtNjN76FYHnMs36RmARn41bC0AZmn+rR0OVpQ==}
    engines: {node: ^10 || ^12 || >=14}
    dependencies:
      nanoid: 3.3.7
      picocolors: 1.0.0
      source-map-js: 1.0.2
    dev: false

  /postcss@8.4.35:
    resolution: {integrity: sha512-u5U8qYpBCpN13BsiEB0CbR1Hhh4Gc0zLFuedrHJKMctHCHAGrMdG0PRM/KErzAL3CU6/eckEtmHNB3x6e3c0vA==}
    engines: {node: ^10 || ^12 || >=14}
    dependencies:
      nanoid: 3.3.7
      picocolors: 1.0.0
      source-map-js: 1.0.2
    dev: false

  /react-dom@18.2.0(react@18.2.0):
    resolution: {integrity: sha512-6IMTriUmvsjHUjNtEDudZfuDQUoWXVxKHhlEGSk81n4YFS+r/Kl99wXiwlVXtPBtJenozv2P+hxDsw9eA7Xo6g==}
    peerDependencies:
      react: ^18.2.0
    dependencies:
      loose-envify: 1.4.0
      react: 18.2.0
      scheduler: 0.23.0
    dev: false

  /react@18.2.0:
    resolution: {integrity: sha512-/3IjMdb2L9QbBdWiW5e3P2/npwMBaU9mHCSCUzNln0ZCYbcfTsGbTJrU/kGemdH2IWmB2ioZ+zkxtmq6g09fGQ==}
    engines: {node: '>=0.10.0'}
    dependencies:
      loose-envify: 1.4.0
    dev: false

  /read-cache@1.0.0:
    resolution: {integrity: sha512-Owdv/Ft7IjOgm/i0xvNDZ1LrRANRfew4b2prF3OWMQLxLfu3bS8FVhCsrSCMK4lR56Y9ya+AThoTpDCTxCmpRA==}
    dependencies:
      pify: 2.3.0
    dev: false

  /resolve@1.22.8:
    resolution: {integrity: sha512-oKWePCxqpd6FlLvGV1VU0x7bkPmmCNolxzjMf4NczoDnQcIWrAF+cPtZn5i6n+RfD2d9i0tzpKnG6Yk168yIyw==}
    hasBin: true
    dependencies:
      is-core-module: 2.13.1
      path-parse: 1.0.7
      supports-preserve-symlinks-flag: 1.0.0
    dev: false

  /scheduler@0.23.0:
    resolution: {integrity: sha512-CtuThmgHNg7zIZWAXi3AsyIzA3n4xx7aNyjwC2VJldO2LMVDhFK+63xGqq6CsJH4rTAt6/M+N4GhZiDYPx9eUw==}
    dependencies:
      loose-envify: 1.4.0
    dev: false

  /source-map-js@1.0.2:
    resolution: {integrity: sha512-R0XvVJ9WusLiqTCEiGCmICCMplcCkIwwR11mOSD9CR5u+IXYdiseeEuXCVAjS54zqwkLcPNnmU4OeJ6tUrWhDw==}
    engines: {node: '>=0.10.0'}
    dev: false

  /streamsearch@1.1.0:
    resolution: {integrity: sha512-Mcc5wHehp9aXz1ax6bZUyY5afg9u2rv5cqQI3mRrYkGC8rW2hM02jWuwjtL++LS5qinSyhj2QfLyNsuc+VsExg==}
    engines: {node: '>=10.0.0'}
    dev: false

  /styled-jsx@5.1.1(react@18.2.0):
    resolution: {integrity: sha512-pW7uC1l4mBZ8ugbiZrcIsiIvVx1UmTfw7UkC3Um2tmfUq9Bhk8IiyEIPl6F8agHgjzku6j0xQEZbfA5uSgSaCw==}
    engines: {node: '>= 12.0.0'}
    peerDependencies:
      '@babel/core': '*'
      babel-plugin-macros: '*'
      react: '>= 16.8.0 || 17.x.x || ^18.0.0-0'
    peerDependenciesMeta:
      '@babel/core':
        optional: true
      babel-plugin-macros:
        optional: true
    dependencies:
      client-only: 0.0.1
      react: 18.2.0
    dev: false

  /supports-preserve-symlinks-flag@1.0.0:
    resolution: {integrity: sha512-ot0WnXS9fgdkgIcePe6RHNk1WA8+muPa6cSjeR3V8K27q9BB1rTE3R1p7Hv0z1ZyAc8s6Vvv8DIyWf681MAt0w==}
    engines: {node: '>= 0.4'}
    dev: false

  /tailwindcss@4.0.0-alpha.13:
    resolution: {integrity: sha512-YbLm8I10/bsGr7zrUNxn4Soj9Lc71anTWu/ulgry64rbBU4m0vov539+caeifAiKhsef2NUCW1twaqH3NfJd2Q==}
    dev: false

  /tslib@2.6.2:
    resolution: {integrity: sha512-AEYxH93jGFPn/a2iVAwW87VuUIkR1FVUKB77NwMF7nBTDkDrrT/Hpt/IrCJ0QXhW27jTBDcf5ZY7w6RiqTMw2Q==}
    dev: false

  /typescript@5.3.3:
    resolution: {integrity: sha512-pXWcraxM0uxAS+tN0AG/BF2TyqmHO014Z070UsJ+pFvYuRSq8KH8DmWpnbXe0pEPDHXZV3FcAbJkijJ5oNEnWw==}
    engines: {node: '>=14.17'}
    hasBin: true
    dev: false

  /undici-types@5.26.5:
    resolution: {integrity: sha512-JlCMO+ehdEIKqlFxk6IfVoAUVmgz7cU7zD/h9XZ0qzeosSHmUJVOzSQvvYSYWXkFXC+IfLKSIffhv0sVZup6pA==}
    dev: false

  /web-vitals@3.5.2:
    resolution: {integrity: sha512-c0rhqNcHXRkY/ogGDJQxZ9Im9D19hDihbzSQJrsioex+KnFgmMzBiy57Z1EjkhX/+OjyBpclDCzz2ITtjokFmg==}
    dev: false
